
Microsoft Visual Studio Solution File, Format Version 12.00
# Visual Studio Version 17
VisualStudioVersion = 17.3.32922.545
MinimumVisualStudioVersion = 10.0.40219.1
Project("{FAE04EC0-301F-11D3-BF4B-00C04F79EFBC}") = "Proiect_FINAL", "Proiect_FINAL\Proiect_FINAL.csproj", "{95FEB32A-75CB-4586-8289-2100A260E059}"
EndProject
Global
	GlobalSection(SolutionConfigurationPlatforms) = preSolution
		Debug|Any CPU = Debug|Any CPU
		Release|Any CPU = Release|Any CPU
	EndGlobalSection
	GlobalSection(ProjectConfigurationPlatforms) = postSolution
		{95FEB32A-75CB-4586-8289-2100A260E059}.Debug|Any CPU.ActiveCfg = Debug|Any CPU
		{95FEB32A-75CB-4586-8289-2100A260E059}.Debug|Any CPU.Build.0 = Debug|Any CPU
		{95FEB32A-75CB-4586-8289-2100A260E059}.Release|Any CPU.ActiveCfg = Release|Any CPU
		{95FEB32A-75CB-4586-8289-2100A260E059}.Release|Any CPU.Build.0 = Release|Any CPU
	EndGlobalSection
	GlobalSection(SolutionProperties) = preSolution
		HideSolutionNode = FALSE
	EndGlobalSection
	GlobalSection(ExtensibilityGlobals) = postSolution
		SolutionGuid = {7D06D7CA-515E-4530-92BB-B641D0B69F09}
	EndGlobalSection
EndGlobal
